// !$*UTF8*$!
{
	archiveVersion = 1;
	classes = {
	};
	objectVersion = 46;
	objects = {

/* Begin PBXBuildFile section */
		A29470261E44F1C200CEF3EE /* AppDelegate.swift in Sources */ = {isa = PBXBuildFile; fileRef = A29470251E44F1C200CEF3EE /* AppDelegate.swift */; };
		A29470281E44F1C200CEF3EE /* ViewController.swift in Sources */ = {isa = PBXBuildFile; fileRef = A29470271E44F1C200CEF3EE /* ViewController.swift */; };
		A294702B1E44F1C200CEF3EE /* Main.storyboard in Resources */ = {isa = PBXBuildFile; fileRef = A29470291E44F1C200CEF3EE /* Main.storyboard */; };
		A294702D1E44F1C200CEF3EE /* Assets.xcassets in Resources */ = {isa = PBXBuildFile; fileRef = A294702C1E44F1C200CEF3EE /* Assets.xcassets */; };
		A29470301E44F1C200CEF3EE /* LaunchScreen.storyboard in Resources */ = {isa = PBXBuildFile; fileRef = A294702E1E44F1C200CEF3EE /* LaunchScreen.storyboard */; };
/* End PBXBuildFile section */

/* Begin PBXFileReference section */
		A29470221E44F1C200CEF3EE /* 1ERA_EVA_3_CONSTRAINS_2.app */ = {isa = PBXFileReference; explicitFileType = wrapper.application; includeInIndex = 0; path = 1ERA_EVA_3_CONSTRAINS_2.app; sourceTree = BUILT_PRODUCTS_DIR; };
		A29470251E44F1C200CEF3EE /* AppDelegate.swift */ = {isa = PBXFileReference; lastKnownFileType = sourcecode.swift; path = AppDelegate.swift; sourceTree = "<group>"; };
		A29470271E44F1C200CEF3EE /* ViewController.swift */ = {isa = PBXFileReference; lastKnownFileType = sourcecode.swift; path = ViewController.swift; sourceTree = "<group>"; };
		A294702A1E44F1C200CEF3EE /* Base */ = {isa = PBXFileReference; lastKnownFileType = file.storyboard; name = Base; path = Base.lproj/Main.storyboard; sourceTree = "<group>"; };
		A294702C1E44F1C200CEF3EE /* Assets.xcassets */ = {isa = PBXFileReference; lastKnownFileType = folder.assetcatalog; path = Assets.xcassets; sourceTree = "<group>"; };
		A294702F1E44F1C200CEF3EE /* Base */ = {isa = PBXFileReference; lastKnownFileType = file.storyboard; name = Base; path = Base.lproj/LaunchScreen.storyboard; sourceTree = "<group>"; };
		A29470311E44F1C200CEF3EE /* Info.plist */ = {isa = PBXFileReference; lastKnownFileType = text.plist.xml; path = Info.plist; sourceTree = "<group>"; };
/* End PBXFileReference section */

/* Begin PBXFrameworksBuildPhase section */
		A294701F1E44F1C200CEF3EE /* Frameworks */ = {
			isa = PBXFrameworksBuildPhase;
			buildActionMask = 2147483647;
			files = (
			);
			runOnlyForDeploymentPostprocessing = 0;
		};
/* End PBXFrameworksBuildPhase section */

/* Begin PBXGroup section */
		A29470191E44F1C200CEF3EE = {
			isa = PBXGroup;
			children = (
				A29470241E44F1C200CEF3EE /* 1ERA_EVA_3_CONSTRAINS_2 */,
				A29470231E44F1C200CEF3EE /* Products */,
			);
			sourceTree = "<group>";
		};
		A29470231E44F1C200CEF3EE /* Products */ = {
			isa = PBXGroup;
			children = (
				A29470221E44F1C200CEF3EE /* 1ERA_EVA_3_CONSTRAINS_2.app */,
			);
			name = Products;
			sourceTree = "<group>";
		};
		A29470241E44F1C200CEF3EE /* 1ERA_EVA_3_CONSTRAINS_2 */ = {
			isa = PBXGroup;
			children = (
				A29470251E44F1C200CEF3EE /* AppDelegate.swift */,
				A29470271E44F1C200CEF3EE /* ViewController.swift */,
				A29470291E44F1C200CEF3EE /* Main.storyboard */,
				A294702C1E44F1C200CEF3EE /* Assets.xcassets */,
				A294702E1E44F1C200CEF3EE /* LaunchScreen.storyboard */,
				A29470311E44F1C200CEF3EE /* Info.plist */,
			);
			path = 1ERA_EVA_3_CONSTRAINS_2;
			sourceTree = "<group>";
		};
/* End PBXGroup section */

/* Begin PBXNativeTarget section */
		A29470211E44F1C200CEF3EE /* 1ERA_EVA_3_CONSTRAINS_2 */ = {
			isa = PBXNativeTarget;
			buildConfigurationList = A29470341E44F1C200CEF3EE /* Build configuration list for PBXNativeTarget "1ERA_EVA_3_CONSTRAINS_2" */;
			buildPhases = (
				A294701E1E44F1C200CEF3EE /* Sources */,
				A294701F1E44F1C200CEF3EE /* Frameworks */,
				A29470201E44F1C200CEF3EE /* Resources */,
			);
			buildRules = (
			);
			dependencies = (
			);
			name = 1ERA_EVA_3_CONSTRAINS_2;
			productName = 1ERA_EVA_3_CONSTRAINS_2;
			productReference = A29470221E44F1C200CEF3EE /* 1ERA_EVA_3_CONSTRAINS_2.app */;
			productType = "com.apple.product-type.application";
		};
/* End PBXNativeTarget section */

/* Begin PBXProject section */
		A294701A1E44F1C200CEF3EE /* Project object */ = {
			isa = PBXProject;
			attributes = {
				LastSwiftUpdateCheck = 0730;
				LastUpgradeCheck = 0730;
				ORGANIZATIONNAME = com.jose;
				TargetAttributes = {
					A29470211E44F1C200CEF3EE = {
						CreatedOnToolsVersion = 7.3.1;
					};
				};
			};
			buildConfigurationList = A294701D1E44F1C200CEF3EE /* Build configuration list for PBXProject "1ERA_EVA_3_CONSTRAINS_2" */;
			compatibilityVersion = "Xcode 3.2";
			developmentRegion = English;
			hasScannedForEncodings = 0;
			knownRegions = (
				en,
				Base,
			);
			mainGroup = A29470191E44F1C200CEF3EE;
			productRefGroup = A29470231E44F1C200CEF3EE /* Products */;
			projectDirPath = "";
			projectRoot = "";
			targets = (
				A29470211E44F1C200CEF3EE /* 1ERA_EVA_3_CONSTRAINS_2 */,
			);
		};
/* End PBXProject section */

/* Begin PBXResourcesBuildPhase section */
		A29470201E44F1C200CEF3EE /* Resources */ = {
			isa = PBXResourcesBuildPhase;
			buildActionMask = 2147483647;
			files = (
				A29470301E44F1C200CEF3EE /* LaunchScreen.storyboard in Resources */,
				A294702D1E44F1C200CEF3EE /* Assets.xcassets in Resources */,
				A294702B1E44F1C200CEF3EE /* Main.storyboard in Resources */,
			);
			runOnlyForDeploymentPostprocessing = 0;
		};
/* End PBXResourcesBuildPhase section */

/* Begin PBXSourcesBuildPhase section */
		A294701E1E44F1C200CEF3EE /* Sources */ = {
			isa = PBXSourcesBuildPhase;
			buildActionMask = 2147483647;
			files = (
				A29470281E44F1C200CEF3EE /* ViewController.swift in Sources */,
				A29470261E44F1C200CEF3EE /* AppDelegate.swift in Sources */,
			);
			runOnlyForDeploymentPostprocessing = 0;
		};
/* End PBXSourcesBuildPhase section */

/* Begin PBXVariantGroup section */
		A29470291E44F1C200CEF3EE /* Main.storyboard */ = {
			isa = PBXVariantGroup;
			children = (
				A294702A1E44F1C200CEF3EE /* Base */,
			);
			name = Main.storyboard;
			sourceTree = "<group>";
		};
		A294702E1E44F1C200CEF3EE /* LaunchScreen.storyboard */ = {
			isa = PBXVariantGroup;
			children = (
				A294702F1E44F1C200CEF3EE /* Base */,
			);
			name = LaunchScreen.storyboard;
			sourceTree = "<group>";
		};
/* End PBXVariantGroup section */

/* Begin XCBuildConfiguration section */
		A29470321E44F1C200CEF3EE /* Debug */ = {
			isa = XCBuildConfiguration;
			buildSettings = {
				ALWAYS_SEARCH_USER_PATHS = NO;
				CLANG_ANALYZER_NONNULL = YES;
				CLANG_CXX_LANGUAGE_STANDARD = "gnu++0x";
				CLANG_CXX_LIBRARY = "libc++";
				CLANG_ENABLE_MODULES = YES;
				CLANG_ENABLE_OBJC_ARC = YES;
				CLANG_WARN_BOOL_CONVERSION = YES;
				CLANG_WARN_CONSTANT_CONVERSION = YES;
				CLANG_WARN_DIRECT_OBJC_ISA_USAGE = YES_ERROR;
				CLANG_WARN_EMPTY_BODY = YES;
				CLANG_WARN_ENUM_CONVERSION = YES;
				CLANG_WARN_INT_CONVERSION = YES;
				CLANG_WARN_OBJC_ROOT_CLASS = YES_ERROR;
				CLANG_WARN_UNREACHABLE_CODE = YES;
				CLANG_WARN__DUPLICATE_METHOD_MATCH = YES;
				"CODE_SIGN_IDENTITY[sdk=iphoneos*]" = "iPhone Developer";
				COPY_PHASE_STRIP = NO;
				DEBUG_INFORMATION_FORMAT = dwarf;
				ENABLE_STRICT_OBJC_MSGSEND = YES;
				ENABLE_TESTABILITY = YES;
				GCC_C_LANGUAGE_STANDARD = gnu99;
				GCC_DYNAMIC_NO_PIC = NO;
				GCC_NO_COMMON_BLOCKS = YES;
				GCC_OPTIMIZATION_LEVEL = 0;
				GCC_PREPROCESSOR_DEFINITIONS = (
					"DEBUG=1",
					"$(inherited)",
				);
				GCC_WARN_64_TO_32_BIT_CONVERSION = YES;
				GCC_WARN_ABOUT_RETURN_TYPE = YES_ERROR;
				GCC_WARN_UNDECLARED_SELECTOR = YES;
				GCC_WARN_UNINITIALIZED_AUTOS = YES_AGGRESSIVE;
				GCC_WARN_UNUSED_FUNCTION = YES;
				GCC_WARN_UNUSED_VARIABLE = YES;
				IPHONEOS_DEPLOYMENT_TARGET = 9.3;
				MTL_ENABLE_DEBUG_INFO = YES;
				ONLY_ACTIVE_ARCH = YES;
				SDKROOT = iphoneos;
				SWIFT_OPTIMIZATION_LEVEL = "-Onone";
				TARGETED_DEVICE_FAMILY = "1,2";
			};
			name = Debug;
		};
		A29470331E44F1C200CEF3EE /* Release */ = {
			isa = XCBuildConfiguration;
			buildSettings = {
				ALWAYS_SEARCH_USER_PATHS = NO;
				CLANG_ANALYZER_NONNULL = YES;
				CLANG_CXX_LANGUAGE_STANDARD = "gnu++0x";
				CLANG_CXX_LIBRARY = "libc++";
				CLANG_ENABLE_MODULES = YES;
				CLANG_ENABLE_OBJC_ARC = YES;
				CLANG_WARN_BOOL_CONVERSION = YES;
				CLANG_WARN_CONSTANT_CONVERSION = YES;
				CLANG_WARN_DIRECT_OBJC_ISA_USAGE = YES_ERROR;
				CLANG_WARN_EMPTY_BODY = YES;
				CLANG_WARN_ENUM_CONVERSION = YES;
				CLANG_WARN_INT_CONVERSION = YES;
				CLANG_WARN_OBJC_ROOT_CLASS = YES_ERROR;
				CLANG_WARN_UNREACHABLE_CODE = YES;
				CLANG_WARN__DUPLICATE_METHOD_MATCH = YES;
				"CODE_SIGN_IDENTITY[sdk=iphoneos*]" = "iPhone Developer";
				COPY_PHASE_STRIP = NO;
				DEBUG_INFORMATION_FORMAT = "dwarf-with-dsym";
				ENABLE_NS_ASSERTIONS = NO;
				ENABLE_STRICT_OBJC_MSGSEND = YES;
				GCC_C_LANGUAGE_STANDARD = gnu99;
				GCC_NO_COMMON_BLOCKS = YES;
				GCC_WARN_64_TO_32_BIT_CONVERSION = YES;
				GCC_WARN_ABOUT_RETURN_TYPE = YES_ERROR;
				GCC_WARN_UNDECLARED_SELECTOR = YES;
				GCC_WARN_UNINITIALIZED_AUTOS = YES_AGGRESSIVE;
				GCC_WARN_UNUSED_FUNCTION = YES;
				GCC_WARN_UNUSED_VARIABLE = YES;
				IPHONEOS_DEPLOYMENT_TARGET = 9.3;
				MTL_ENABLE_DEBUG_INFO = NO;
				SDKROOT = iphoneos;
				TARGETED_DEVICE_FAMILY = "1,2";
				VALIDATE_PRODUCT = YES;
			};
			name = Release;
		};
		A29470351E44F1C200CEF3EE /* Debug */ = {
			isa = XCBuildConfiguration;
			buildSettings = {
				ASSETCATALOG_COMPILER_APPICON_NAME = AppIcon;
				INFOPLIST_FILE = 1ERA_EVA_3_CONSTRAINS_2/Info.plist;
				LD_RUNPATH_SEARCH_PATHS = "$(inherited) @executable_path/Frameworks";
				PRODUCT_BUNDLE_IDENTIFIER = "JOSE.-ERA-EVA-3-CONSTRAINS-2";
				PRODUCT_NAME = "$(TARGET_NAME)";
			};
			name = Debug;
		};
		A29470361E44F1C200CEF3EE /* Release */ = {
			isa = XCBuildConfiguration;
			buildSettings = {
				ASSETCATALOG_COMPILER_APPICON_NAME = AppIcon;
				INFOPLIST_FILE = 1ERA_EVA_3_CONSTRAINS_2/Info.plist;
				LD_RUNPATH_SEARCH_PATHS = "$(inherited) @executable_path/Frameworks";
				PRODUCT_BUNDLE_IDENTIFIER = "JOSE.-ERA-EVA-3-CONSTRAINS-2";
				PRODUCT_NAME = "$(TARGET_NAME)";
			};
			name = Release;
		};
/* End XCBuildConfiguration section */

/* Begin XCConfigurationList section */
		A294701D1E44F1C200CEF3EE /* Build configuration list for PBXProject "1ERA_EVA_3_CONSTRAINS_2" */ = {
			isa = XCConfigurationList;
			buildConfigurations = (
				A29470321E44F1C200CEF3EE /* Debug */,
				A29470331E44F1C200CEF3EE /* Release */,
			);
			defaultConfigurationIsVisible = 0;
			defaultConfigurationName = Release;
		};
		A29470341E44F1C200CEF3EE /* Build configuration list for PBXNativeTarget "1ERA_EVA_3_CONSTRAINS_2" */ = {
			isa = XCConfigurationList;
			buildConfigurations = (
				A29470351E44F1C200CEF3EE /* Debug */,
				A29470361E44F1C200CEF3EE /* Release */,
			);
			defaultConfigurationIsVisible = 0;
		};
/* End XCConfigurationList section */
	};
	rootObject = A294701A1E44F1C200CEF3EE /* Project object */;
}
