// !$*UTF8*$!
{
	archiveVersion = 1;
	classes = {
	};
	objectVersion = 46;
	objects = {

/* Begin PBXBuildFile section */
		293C0C3F1E4A3879006C7250 /* AppDelegate.swift in Sources */ = {isa = PBXBuildFile; fileRef = 293C0C3E1E4A3879006C7250 /* AppDelegate.swift */; };
		293C0C411E4A3879006C7250 /* ViewController.swift in Sources */ = {isa = PBXBuildFile; fileRef = 293C0C401E4A3879006C7250 /* ViewController.swift */; };
		293C0C441E4A3879006C7250 /* Main.storyboard in Resources */ = {isa = PBXBuildFile; fileRef = 293C0C421E4A3879006C7250 /* Main.storyboard */; };
		293C0C461E4A3879006C7250 /* Assets.xcassets in Resources */ = {isa = PBXBuildFile; fileRef = 293C0C451E4A3879006C7250 /* Assets.xcassets */; };
		293C0C491E4A3879006C7250 /* LaunchScreen.storyboard in Resources */ = {isa = PBXBuildFile; fileRef = 293C0C471E4A3879006C7250 /* LaunchScreen.storyboard */; };
		293C0C541E4A3879006C7250 /* _ERA_EVA_5_ACTIONSTests.swift in Sources */ = {isa = PBXBuildFile; fileRef = 293C0C531E4A3879006C7250 /* _ERA_EVA_5_ACTIONSTests.swift */; };
		293C0C5F1E4A3879006C7250 /* _ERA_EVA_5_ACTIONSUITests.swift in Sources */ = {isa = PBXBuildFile; fileRef = 293C0C5E1E4A3879006C7250 /* _ERA_EVA_5_ACTIONSUITests.swift */; };
/* End PBXBuildFile section */

/* Begin PBXContainerItemProxy section */
		293C0C501E4A3879006C7250 /* PBXContainerItemProxy */ = {
			isa = PBXContainerItemProxy;
			containerPortal = 293C0C331E4A3879006C7250 /* Project object */;
			proxyType = 1;
			remoteGlobalIDString = 293C0C3A1E4A3879006C7250;
			remoteInfo = 1ERA_EVA_5_ACTIONS;
		};
		293C0C5B1E4A3879006C7250 /* PBXContainerItemProxy */ = {
			isa = PBXContainerItemProxy;
			containerPortal = 293C0C331E4A3879006C7250 /* Project object */;
			proxyType = 1;
			remoteGlobalIDString = 293C0C3A1E4A3879006C7250;
			remoteInfo = 1ERA_EVA_5_ACTIONS;
		};
/* End PBXContainerItemProxy section */

/* Begin PBXFileReference section */
		293C0C3B1E4A3879006C7250 /* 1ERA_EVA_5_ACTIONS.app */ = {isa = PBXFileReference; explicitFileType = wrapper.application; includeInIndex = 0; path = 1ERA_EVA_5_ACTIONS.app; sourceTree = BUILT_PRODUCTS_DIR; };
		293C0C3E1E4A3879006C7250 /* AppDelegate.swift */ = {isa = PBXFileReference; lastKnownFileType = sourcecode.swift; path = AppDelegate.swift; sourceTree = "<group>"; };
		293C0C401E4A3879006C7250 /* ViewController.swift */ = {isa = PBXFileReference; lastKnownFileType = sourcecode.swift; path = ViewController.swift; sourceTree = "<group>"; };
		293C0C431E4A3879006C7250 /* Base */ = {isa = PBXFileReference; lastKnownFileType = file.storyboard; name = Base; path = Base.lproj/Main.storyboard; sourceTree = "<group>"; };
		293C0C451E4A3879006C7250 /* Assets.xcassets */ = {isa = PBXFileReference; lastKnownFileType = folder.assetcatalog; path = Assets.xcassets; sourceTree = "<group>"; };
		293C0C481E4A3879006C7250 /* Base */ = {isa = PBXFileReference; lastKnownFileType = file.storyboard; name = Base; path = Base.lproj/LaunchScreen.storyboard; sourceTree = "<group>"; };
		293C0C4A1E4A3879006C7250 /* Info.plist */ = {isa = PBXFileReference; lastKnownFileType = text.plist.xml; path = Info.plist; sourceTree = "<group>"; };
		293C0C4F1E4A3879006C7250 /* 1ERA_EVA_5_ACTIONSTests.xctest */ = {isa = PBXFileReference; explicitFileType = wrapper.cfbundle; includeInIndex = 0; path = 1ERA_EVA_5_ACTIONSTests.xctest; sourceTree = BUILT_PRODUCTS_DIR; };
		293C0C531E4A3879006C7250 /* _ERA_EVA_5_ACTIONSTests.swift */ = {isa = PBXFileReference; lastKnownFileType = sourcecode.swift; path = _ERA_EVA_5_ACTIONSTests.swift; sourceTree = "<group>"; };
		293C0C551E4A3879006C7250 /* Info.plist */ = {isa = PBXFileReference; lastKnownFileType = text.plist.xml; path = Info.plist; sourceTree = "<group>"; };
		293C0C5A1E4A3879006C7250 /* 1ERA_EVA_5_ACTIONSUITests.xctest */ = {isa = PBXFileReference; explicitFileType = wrapper.cfbundle; includeInIndex = 0; path = 1ERA_EVA_5_ACTIONSUITests.xctest; sourceTree = BUILT_PRODUCTS_DIR; };
		293C0C5E1E4A3879006C7250 /* _ERA_EVA_5_ACTIONSUITests.swift */ = {isa = PBXFileReference; lastKnownFileType = sourcecode.swift; path = _ERA_EVA_5_ACTIONSUITests.swift; sourceTree = "<group>"; };
		293C0C601E4A3879006C7250 /* Info.plist */ = {isa = PBXFileReference; lastKnownFileType = text.plist.xml; path = Info.plist; sourceTree = "<group>"; };
/* End PBXFileReference section */

/* Begin PBXFrameworksBuildPhase section */
		293C0C381E4A3879006C7250 /* Frameworks */ = {
			isa = PBXFrameworksBuildPhase;
			buildActionMask = 2147483647;
			files = (
			);
			runOnlyForDeploymentPostprocessing = 0;
		};
		293C0C4C1E4A3879006C7250 /* Frameworks */ = {
			isa = PBXFrameworksBuildPhase;
			buildActionMask = 2147483647;
			files = (
			);
			runOnlyForDeploymentPostprocessing = 0;
		};
		293C0C571E4A3879006C7250 /* Frameworks */ = {
			isa = PBXFrameworksBuildPhase;
			buildActionMask = 2147483647;
			files = (
			);
			runOnlyForDeploymentPostprocessing = 0;
		};
/* End PBXFrameworksBuildPhase section */

/* Begin PBXGroup section */
		293C0C321E4A3879006C7250 = {
			isa = PBXGroup;
			children = (
				293C0C3D1E4A3879006C7250 /* 1ERA_EVA_5_ACTIONS */,
				293C0C521E4A3879006C7250 /* 1ERA_EVA_5_ACTIONSTests */,
				293C0C5D1E4A3879006C7250 /* 1ERA_EVA_5_ACTIONSUITests */,
				293C0C3C1E4A3879006C7250 /* Products */,
			);
			sourceTree = "<group>";
		};
		293C0C3C1E4A3879006C7250 /* Products */ = {
			isa = PBXGroup;
			children = (
				293C0C3B1E4A3879006C7250 /* 1ERA_EVA_5_ACTIONS.app */,
				293C0C4F1E4A3879006C7250 /* 1ERA_EVA_5_ACTIONSTests.xctest */,
				293C0C5A1E4A3879006C7250 /* 1ERA_EVA_5_ACTIONSUITests.xctest */,
			);
			name = Products;
			sourceTree = "<group>";
		};
		293C0C3D1E4A3879006C7250 /* 1ERA_EVA_5_ACTIONS */ = {
			isa = PBXGroup;
			children = (
				293C0C3E1E4A3879006C7250 /* AppDelegate.swift */,
				293C0C401E4A3879006C7250 /* ViewController.swift */,
				293C0C421E4A3879006C7250 /* Main.storyboard */,
				293C0C451E4A3879006C7250 /* Assets.xcassets */,
				293C0C471E4A3879006C7250 /* LaunchScreen.storyboard */,
				293C0C4A1E4A3879006C7250 /* Info.plist */,
			);
			path = 1ERA_EVA_5_ACTIONS;
			sourceTree = "<group>";
		};
		293C0C521E4A3879006C7250 /* 1ERA_EVA_5_ACTIONSTests */ = {
			isa = PBXGroup;
			children = (
				293C0C531E4A3879006C7250 /* _ERA_EVA_5_ACTIONSTests.swift */,
				293C0C551E4A3879006C7250 /* Info.plist */,
			);
			path = 1ERA_EVA_5_ACTIONSTests;
			sourceTree = "<group>";
		};
		293C0C5D1E4A3879006C7250 /* 1ERA_EVA_5_ACTIONSUITests */ = {
			isa = PBXGroup;
			children = (
				293C0C5E1E4A3879006C7250 /* _ERA_EVA_5_ACTIONSUITests.swift */,
				293C0C601E4A3879006C7250 /* Info.plist */,
			);
			path = 1ERA_EVA_5_ACTIONSUITests;
			sourceTree = "<group>";
		};
/* End PBXGroup section */

/* Begin PBXNativeTarget section */
		293C0C3A1E4A3879006C7250 /* 1ERA_EVA_5_ACTIONS */ = {
			isa = PBXNativeTarget;
			buildConfigurationList = 293C0C631E4A3879006C7250 /* Build configuration list for PBXNativeTarget "1ERA_EVA_5_ACTIONS" */;
			buildPhases = (
				293C0C371E4A3879006C7250 /* Sources */,
				293C0C381E4A3879006C7250 /* Frameworks */,
				293C0C391E4A3879006C7250 /* Resources */,
			);
			buildRules = (
			);
			dependencies = (
			);
			name = 1ERA_EVA_5_ACTIONS;
			productName = 1ERA_EVA_5_ACTIONS;
			productReference = 293C0C3B1E4A3879006C7250 /* 1ERA_EVA_5_ACTIONS.app */;
			productType = "com.apple.product-type.application";
		};
		293C0C4E1E4A3879006C7250 /* 1ERA_EVA_5_ACTIONSTests */ = {
			isa = PBXNativeTarget;
			buildConfigurationList = 293C0C661E4A3879006C7250 /* Build configuration list for PBXNativeTarget "1ERA_EVA_5_ACTIONSTests" */;
			buildPhases = (
				293C0C4B1E4A3879006C7250 /* Sources */,
				293C0C4C1E4A3879006C7250 /* Frameworks */,
				293C0C4D1E4A3879006C7250 /* Resources */,
			);
			buildRules = (
			);
			dependencies = (
				293C0C511E4A3879006C7250 /* PBXTargetDependency */,
			);
			name = 1ERA_EVA_5_ACTIONSTests;
			productName = 1ERA_EVA_5_ACTIONSTests;
			productReference = 293C0C4F1E4A3879006C7250 /* 1ERA_EVA_5_ACTIONSTests.xctest */;
			productType = "com.apple.product-type.bundle.unit-test";
		};
		293C0C591E4A3879006C7250 /* 1ERA_EVA_5_ACTIONSUITests */ = {
			isa = PBXNativeTarget;
			buildConfigurationList = 293C0C691E4A3879006C7250 /* Build configuration list for PBXNativeTarget "1ERA_EVA_5_ACTIONSUITests" */;
			buildPhases = (
				293C0C561E4A3879006C7250 /* Sources */,
				293C0C571E4A3879006C7250 /* Frameworks */,
				293C0C581E4A3879006C7250 /* Resources */,
			);
			buildRules = (
			);
			dependencies = (
				293C0C5C1E4A3879006C7250 /* PBXTargetDependency */,
			);
			name = 1ERA_EVA_5_ACTIONSUITests;
			productName = 1ERA_EVA_5_ACTIONSUITests;
			productReference = 293C0C5A1E4A3879006C7250 /* 1ERA_EVA_5_ACTIONSUITests.xctest */;
			productType = "com.apple.product-type.bundle.ui-testing";
		};
/* End PBXNativeTarget section */

/* Begin PBXProject section */
		293C0C331E4A3879006C7250 /* Project object */ = {
			isa = PBXProject;
			attributes = {
				LastSwiftUpdateCheck = 0730;
				LastUpgradeCheck = 0730;
				ORGANIZATIONNAME = "JOSE CARLOS";
				TargetAttributes = {
					293C0C3A1E4A3879006C7250 = {
						CreatedOnToolsVersion = 7.3.1;
					};
					293C0C4E1E4A3879006C7250 = {
						CreatedOnToolsVersion = 7.3.1;
						TestTargetID = 293C0C3A1E4A3879006C7250;
					};
					293C0C591E4A3879006C7250 = {
						CreatedOnToolsVersion = 7.3.1;
						TestTargetID = 293C0C3A1E4A3879006C7250;
					};
				};
			};
			buildConfigurationList = 293C0C361E4A3879006C7250 /* Build configuration list for PBXProject "1ERA_EVA_5_ACTIONS" */;
			compatibilityVersion = "Xcode 3.2";
			developmentRegion = English;
			hasScannedForEncodings = 0;
			knownRegions = (
				en,
				Base,
			);
			mainGroup = 293C0C321E4A3879006C7250;
			productRefGroup = 293C0C3C1E4A3879006C7250 /* Products */;
			projectDirPath = "";
			projectRoot = "";
			targets = (
				293C0C3A1E4A3879006C7250 /* 1ERA_EVA_5_ACTIONS */,
				293C0C4E1E4A3879006C7250 /* 1ERA_EVA_5_ACTIONSTests */,
				293C0C591E4A3879006C7250 /* 1ERA_EVA_5_ACTIONSUITests */,
			);
		};
/* End PBXProject section */

/* Begin PBXResourcesBuildPhase section */
		293C0C391E4A3879006C7250 /* Resources */ = {
			isa = PBXResourcesBuildPhase;
			buildActionMask = 2147483647;
			files = (
				293C0C491E4A3879006C7250 /* LaunchScreen.storyboard in Resources */,
				293C0C461E4A3879006C7250 /* Assets.xcassets in Resources */,
				293C0C441E4A3879006C7250 /* Main.storyboard in Resources */,
			);
			runOnlyForDeploymentPostprocessing = 0;
		};
		293C0C4D1E4A3879006C7250 /* Resources */ = {
			isa = PBXResourcesBuildPhase;
			buildActionMask = 2147483647;
			files = (
			);
			runOnlyForDeploymentPostprocessing = 0;
		};
		293C0C581E4A3879006C7250 /* Resources */ = {
			isa = PBXResourcesBuildPhase;
			buildActionMask = 2147483647;
			files = (
			);
			runOnlyForDeploymentPostprocessing = 0;
		};
/* End PBXResourcesBuildPhase section */

/* Begin PBXSourcesBuildPhase section */
		293C0C371E4A3879006C7250 /* Sources */ = {
			isa = PBXSourcesBuildPhase;
			buildActionMask = 2147483647;
			files = (
				293C0C411E4A3879006C7250 /* ViewController.swift in Sources */,
				293C0C3F1E4A3879006C7250 /* AppDelegate.swift in Sources */,
			);
			runOnlyForDeploymentPostprocessing = 0;
		};
		293C0C4B1E4A3879006C7250 /* Sources */ = {
			isa = PBXSourcesBuildPhase;
			buildActionMask = 2147483647;
			files = (
				293C0C541E4A3879006C7250 /* _ERA_EVA_5_ACTIONSTests.swift in Sources */,
			);
			runOnlyForDeploymentPostprocessing = 0;
		};
		293C0C561E4A3879006C7250 /* Sources */ = {
			isa = PBXSourcesBuildPhase;
			buildActionMask = 2147483647;
			files = (
				293C0C5F1E4A3879006C7250 /* _ERA_EVA_5_ACTIONSUITests.swift in Sources */,
			);
			runOnlyForDeploymentPostprocessing = 0;
		};
/* End PBXSourcesBuildPhase section */

/* Begin PBXTargetDependency section */
		293C0C511E4A3879006C7250 /* PBXTargetDependency */ = {
			isa = PBXTargetDependency;
			target = 293C0C3A1E4A3879006C7250 /* 1ERA_EVA_5_ACTIONS */;
			targetProxy = 293C0C501E4A3879006C7250 /* PBXContainerItemProxy */;
		};
		293C0C5C1E4A3879006C7250 /* PBXTargetDependency */ = {
			isa = PBXTargetDependency;
			target = 293C0C3A1E4A3879006C7250 /* 1ERA_EVA_5_ACTIONS */;
			targetProxy = 293C0C5B1E4A3879006C7250 /* PBXContainerItemProxy */;
		};
/* End PBXTargetDependency section */

/* Begin PBXVariantGroup section */
		293C0C421E4A3879006C7250 /* Main.storyboard */ = {
			isa = PBXVariantGroup;
			children = (
				293C0C431E4A3879006C7250 /* Base */,
			);
			name = Main.storyboard;
			sourceTree = "<group>";
		};
		293C0C471E4A3879006C7250 /* LaunchScreen.storyboard */ = {
			isa = PBXVariantGroup;
			children = (
				293C0C481E4A3879006C7250 /* Base */,
			);
			name = LaunchScreen.storyboard;
			sourceTree = "<group>";
		};
/* End PBXVariantGroup section */

/* Begin XCBuildConfiguration section */
		293C0C611E4A3879006C7250 /* Debug */ = {
			isa = XCBuildConfiguration;
			buildSettings = {
				ALWAYS_SEARCH_USER_PATHS = NO;
				CLANG_ANALYZER_NONNULL = YES;
				CLANG_CXX_LANGUAGE_STANDARD = "gnu++0x";
				CLANG_CXX_LIBRARY = "libc++";
				CLANG_ENABLE_MODULES = YES;
				CLANG_ENABLE_OBJC_ARC = YES;
				CLANG_WARN_BOOL_CONVERSION = YES;
				CLANG_WARN_CONSTANT_CONVERSION = YES;
				CLANG_WARN_DIRECT_OBJC_ISA_USAGE = YES_ERROR;
				CLANG_WARN_EMPTY_BODY = YES;
				CLANG_WARN_ENUM_CONVERSION = YES;
				CLANG_WARN_INT_CONVERSION = YES;
				CLANG_WARN_OBJC_ROOT_CLASS = YES_ERROR;
				CLANG_WARN_UNREACHABLE_CODE = YES;
				CLANG_WARN__DUPLICATE_METHOD_MATCH = YES;
				"CODE_SIGN_IDENTITY[sdk=iphoneos*]" = "iPhone Developer";
				COPY_PHASE_STRIP = NO;
				DEBUG_INFORMATION_FORMAT = dwarf;
				ENABLE_STRICT_OBJC_MSGSEND = YES;
				ENABLE_TESTABILITY = YES;
				GCC_C_LANGUAGE_STANDARD = gnu99;
				GCC_DYNAMIC_NO_PIC = NO;
				GCC_NO_COMMON_BLOCKS = YES;
				GCC_OPTIMIZATION_LEVEL = 0;
				GCC_PREPROCESSOR_DEFINITIONS = (
					"DEBUG=1",
					"$(inherited)",
				);
				GCC_WARN_64_TO_32_BIT_CONVERSION = YES;
				GCC_WARN_ABOUT_RETURN_TYPE = YES_ERROR;
				GCC_WARN_UNDECLARED_SELECTOR = YES;
				GCC_WARN_UNINITIALIZED_AUTOS = YES_AGGRESSIVE;
				GCC_WARN_UNUSED_FUNCTION = YES;
				GCC_WARN_UNUSED_VARIABLE = YES;
				IPHONEOS_DEPLOYMENT_TARGET = 9.3;
				MTL_ENABLE_DEBUG_INFO = YES;
				ONLY_ACTIVE_ARCH = YES;
				SDKROOT = iphoneos;
				SWIFT_OPTIMIZATION_LEVEL = "-Onone";
				TARGETED_DEVICE_FAMILY = "1,2";
			};
			name = Debug;
		};
		293C0C621E4A3879006C7250 /* Release */ = {
			isa = XCBuildConfiguration;
			buildSettings = {
				ALWAYS_SEARCH_USER_PATHS = NO;
				CLANG_ANALYZER_NONNULL = YES;
				CLANG_CXX_LANGUAGE_STANDARD = "gnu++0x";
				CLANG_CXX_LIBRARY = "libc++";
				CLANG_ENABLE_MODULES = YES;
				CLANG_ENABLE_OBJC_ARC = YES;
				CLANG_WARN_BOOL_CONVERSION = YES;
				CLANG_WARN_CONSTANT_CONVERSION = YES;
				CLANG_WARN_DIRECT_OBJC_ISA_USAGE = YES_ERROR;
				CLANG_WARN_EMPTY_BODY = YES;
				CLANG_WARN_ENUM_CONVERSION = YES;
				CLANG_WARN_INT_CONVERSION = YES;
				CLANG_WARN_OBJC_ROOT_CLASS = YES_ERROR;
				CLANG_WARN_UNREACHABLE_CODE = YES;
				CLANG_WARN__DUPLICATE_METHOD_MATCH = YES;
				"CODE_SIGN_IDENTITY[sdk=iphoneos*]" = "iPhone Developer";
				COPY_PHASE_STRIP = NO;
				DEBUG_INFORMATION_FORMAT = "dwarf-with-dsym";
				ENABLE_NS_ASSERTIONS = NO;
				ENABLE_STRICT_OBJC_MSGSEND = YES;
				GCC_C_LANGUAGE_STANDARD = gnu99;
				GCC_NO_COMMON_BLOCKS = YES;
				GCC_WARN_64_TO_32_BIT_CONVERSION = YES;
				GCC_WARN_ABOUT_RETURN_TYPE = YES_ERROR;
				GCC_WARN_UNDECLARED_SELECTOR = YES;
				GCC_WARN_UNINITIALIZED_AUTOS = YES_AGGRESSIVE;
				GCC_WARN_UNUSED_FUNCTION = YES;
				GCC_WARN_UNUSED_VARIABLE = YES;
				IPHONEOS_DEPLOYMENT_TARGET = 9.3;
				MTL_ENABLE_DEBUG_INFO = NO;
				SDKROOT = iphoneos;
				TARGETED_DEVICE_FAMILY = "1,2";
				VALIDATE_PRODUCT = YES;
			};
			name = Release;
		};
		293C0C641E4A3879006C7250 /* Debug */ = {
			isa = XCBuildConfiguration;
			buildSettings = {
				ASSETCATALOG_COMPILER_APPICON_NAME = AppIcon;
				INFOPLIST_FILE = 1ERA_EVA_5_ACTIONS/Info.plist;
				LD_RUNPATH_SEARCH_PATHS = "$(inherited) @executable_path/Frameworks";
				PRODUCT_BUNDLE_IDENTIFIER = "com.jose.-ERA-EVA-5-ACTIONS";
				PRODUCT_NAME = "$(TARGET_NAME)";
			};
			name = Debug;
		};
		293C0C651E4A3879006C7250 /* Release */ = {
			isa = XCBuildConfiguration;
			buildSettings = {
				ASSETCATALOG_COMPILER_APPICON_NAME = AppIcon;
				INFOPLIST_FILE = 1ERA_EVA_5_ACTIONS/Info.plist;
				LD_RUNPATH_SEARCH_PATHS = "$(inherited) @executable_path/Frameworks";
				PRODUCT_BUNDLE_IDENTIFIER = "com.jose.-ERA-EVA-5-ACTIONS";
				PRODUCT_NAME = "$(TARGET_NAME)";
			};
			name = Release;
		};
		293C0C671E4A3879006C7250 /* Debug */ = {
			isa = XCBuildConfiguration;
			buildSettings = {
				BUNDLE_LOADER = "$(TEST_HOST)";
				INFOPLIST_FILE = 1ERA_EVA_5_ACTIONSTests/Info.plist;
				LD_RUNPATH_SEARCH_PATHS = "$(inherited) @executable_path/Frameworks @loader_path/Frameworks";
				PRODUCT_BUNDLE_IDENTIFIER = "com.jose.-ERA-EVA-5-ACTIONSTests";
				PRODUCT_NAME = "$(TARGET_NAME)";
				TEST_HOST = "$(BUILT_PRODUCTS_DIR)/1ERA_EVA_5_ACTIONS.app/1ERA_EVA_5_ACTIONS";
			};
			name = Debug;
		};
		293C0C681E4A3879006C7250 /* Release */ = {
			isa = XCBuildConfiguration;
			buildSettings = {
				BUNDLE_LOADER = "$(TEST_HOST)";
				INFOPLIST_FILE = 1ERA_EVA_5_ACTIONSTests/Info.plist;
				LD_RUNPATH_SEARCH_PATHS = "$(inherited) @executable_path/Frameworks @loader_path/Frameworks";
				PRODUCT_BUNDLE_IDENTIFIER = "com.jose.-ERA-EVA-5-ACTIONSTests";
				PRODUCT_NAME = "$(TARGET_NAME)";
				TEST_HOST = "$(BUILT_PRODUCTS_DIR)/1ERA_EVA_5_ACTIONS.app/1ERA_EVA_5_ACTIONS";
			};
			name = Release;
		};
		293C0C6A1E4A3879006C7250 /* Debug */ = {
			isa = XCBuildConfiguration;
			buildSettings = {
				INFOPLIST_FILE = 1ERA_EVA_5_ACTIONSUITests/Info.plist;
				LD_RUNPATH_SEARCH_PATHS = "$(inherited) @executable_path/Frameworks @loader_path/Frameworks";
				PRODUCT_BUNDLE_IDENTIFIER = "com.jose.-ERA-EVA-5-ACTIONSUITests";
				PRODUCT_NAME = "$(TARGET_NAME)";
				TEST_TARGET_NAME = 1ERA_EVA_5_ACTIONS;
			};
			name = Debug;
		};
		293C0C6B1E4A3879006C7250 /* Release */ = {
			isa = XCBuildConfiguration;
			buildSettings = {
				INFOPLIST_FILE = 1ERA_EVA_5_ACTIONSUITests/Info.plist;
				LD_RUNPATH_SEARCH_PATHS = "$(inherited) @executable_path/Frameworks @loader_path/Frameworks";
				PRODUCT_BUNDLE_IDENTIFIER = "com.jose.-ERA-EVA-5-ACTIONSUITests";
				PRODUCT_NAME = "$(TARGET_NAME)";
				TEST_TARGET_NAME = 1ERA_EVA_5_ACTIONS;
			};
			name = Release;
		};
/* End XCBuildConfiguration section */

/* Begin XCConfigurationList section */
		293C0C361E4A3879006C7250 /* Build configuration list for PBXProject "1ERA_EVA_5_ACTIONS" */ = {
			isa = XCConfigurationList;
			buildConfigurations = (
				293C0C611E4A3879006C7250 /* Debug */,
				293C0C621E4A3879006C7250 /* Release */,
			);
			defaultConfigurationIsVisible = 0;
			defaultConfigurationName = Release;
		};
		293C0C631E4A3879006C7250 /* Build configuration list for PBXNativeTarget "1ERA_EVA_5_ACTIONS" */ = {
			isa = XCConfigurationList;
			buildConfigurations = (
				293C0C641E4A3879006C7250 /* Debug */,
				293C0C651E4A3879006C7250 /* Release */,
			);
			defaultConfigurationIsVisible = 0;
		};
		293C0C661E4A3879006C7250 /* Build configuration list for PBXNativeTarget "1ERA_EVA_5_ACTIONSTests" */ = {
			isa = XCConfigurationList;
			buildConfigurations = (
				293C0C671E4A3879006C7250 /* Debug */,
				293C0C681E4A3879006C7250 /* Release */,
			);
			defaultConfigurationIsVisible = 0;
		};
		293C0C691E4A3879006C7250 /* Build configuration list for PBXNativeTarget "1ERA_EVA_5_ACTIONSUITests" */ = {
			isa = XCConfigurationList;
			buildConfigurations = (
				293C0C6A1E4A3879006C7250 /* Debug */,
				293C0C6B1E4A3879006C7250 /* Release */,
			);
			defaultConfigurationIsVisible = 0;
		};
/* End XCConfigurationList section */
	};
	rootObject = 293C0C331E4A3879006C7250 /* Project object */;
}
